GIT
  remote: https://github.com/ANXS/postgresql
  ref: master
  sha: f0ad7e482c1a91af11b4cd7b895f5925973b827d
  specs:
    ANXS.postgresql (0.0.0)

GIT
  remote: https://github.com/tomazy/ansible-role-chromedriver
  ref: meta
  sha: 09721ad831af80f2059eebe84b2e9ee062af674d
  specs:
    chromedriver (1.0.0)

DEPENDENCIES
  ANXS.postgresql (>= 0)
  chromedriver (>= 0)

