GIT
  remote: https://github.com/ANXS/postgresql
  ref: master
  sha: 55e9dca15191beaf598be1f3c0bd280a90c97c47
  specs:
    postgresql (0.0.0)

GIT
  remote: https://github.com/DavidWittman/ansible-redis
  ref: master
  sha: 04d6561ed8b48aa1bd9f8fadb5138f1f5e6d6ec9
  specs:
    redis (0.0.0)

GIT
  remote: https://github.com/DrTom/ansible-role-chromedriver
  ref: master
  sha: 435a639e9bf0db54d45c291bfd537f8841a76c4e
  specs:
    chromedriver (1.0.0)

GIT
  remote: https://github.com/kamaln7/ansible-swapfile
  ref: master
  sha: 8eb0e18d90a7f25b6658fbf56bcba01b84a664fc
  specs:
    swapfile (0.0.0)

GIT
  remote: https://github.com/ushu/ansible-chruby
  ref: master
  sha: 4a67e789ee90a4cdb29c3f656afdcdd8490117cb
  specs:
    chruby (0.0.0)

GIT
  remote: https://github.com/ushu/ansible-ruby-install
  ref: master
  sha: dc16216d8663dac9fd692f6299825adc97fb51df
  specs:
    ruby-install (0.0.0)

DEPENDENCIES
  chromedriver (>= 0)
  chruby (>= 0)
  postgresql (>= 0)
  redis (>= 0)
  ruby-install (>= 0)
  swapfile (>= 0)

